// !$*UTF8*$!
{
	archiveVersion = 1;
	classes = {
	};
	objectVersion = 46;
	objects = {

/* Begin PBXBuildFile section */
		55C6F0551CC3C83900780B19 /* AppDelegate.swift in Sources */ = {isa = PBXBuildFile; fileRef = 55C6F0541CC3C83900780B19 /* AppDelegate.swift */; };
		55C6F0571CC3C83900780B19 /* ViewController.swift in Sources */ = {isa = PBXBuildFile; fileRef = 55C6F0561CC3C83900780B19 /* ViewController.swift */; };
		55C6F05A1CC3C83900780B19 /* Main.storyboard in Resources */ = {isa = PBXBuildFile; fileRef = 55C6F0581CC3C83900780B19 /* Main.storyboard */; };
		55C6F05C1CC3C83900780B19 /* Assets.xcassets in Resources */ = {isa = PBXBuildFile; fileRef = 55C6F05B1CC3C83900780B19 /* Assets.xcassets */; };
		55C6F05F1CC3C83900780B19 /* LaunchScreen.storyboard in Resources */ = {isa = PBXBuildFile; fileRef = 55C6F05D1CC3C83900780B19 /* LaunchScreen.storyboard */; };
		55C6F0671CC3CA4700780B19 /* CollectionViewPagingFlowLayout.swift in Sources */ = {isa = PBXBuildFile; fileRef = 55C6F0661CC3CA4700780B19 /* CollectionViewPagingFlowLayout.swift */; };
/* End PBXBuildFile section */

/* Begin PBXFileReference section */
		55C6F0511CC3C83900780B19 /* paging.app */ = {isa = PBXFileReference; explicitFileType = wrapper.application; includeInIndex = 0; path = paging.app; sourceTree = BUILT_PRODUCTS_DIR; };
		55C6F0541CC3C83900780B19 /* AppDelegate.swift */ = {isa = PBXFileReference; lastKnownFileType = sourcecode.swift; path = AppDelegate.swift; sourceTree = "<group>"; };
		55C6F0561CC3C83900780B19 /* ViewController.swift */ = {isa = PBXFileReference; lastKnownFileType = sourcecode.swift; path = ViewController.swift; sourceTree = "<group>"; };
		55C6F0591CC3C83900780B19 /* Base */ = {isa = PBXFileReference; lastKnownFileType = file.storyboard; name = Base; path = Base.lproj/Main.storyboard; sourceTree = "<group>"; };
		55C6F05B1CC3C83900780B19 /* Assets.xcassets */ = {isa = PBXFileReference; lastKnownFileType = folder.assetcatalog; path = Assets.xcassets; sourceTree = "<group>"; };
		55C6F05E1CC3C83900780B19 /* Base */ = {isa = PBXFileReference; lastKnownFileType = file.storyboard; name = Base; path = Base.lproj/LaunchScreen.storyboard; sourceTree = "<group>"; };
		55C6F0601CC3C83900780B19 /* Info.plist */ = {isa = PBXFileReference; lastKnownFileType = text.plist.xml; path = Info.plist; sourceTree = "<group>"; };
		55C6F0661CC3CA4700780B19 /* CollectionViewPagingFlowLayout.swift */ = {isa = PBXFileReference; fileEncoding = 4; lastKnownFileType = sourcecode.swift; path = CollectionViewPagingFlowLayout.swift; sourceTree = "<group>"; };
/* End PBXFileReference section */

/* Begin PBXFrameworksBuildPhase section */
		55C6F04E1CC3C83900780B19 /* Frameworks */ = {
			isa = PBXFrameworksBuildPhase;
			buildActionMask = 2147483647;
			files = (
			);
			runOnlyForDeploymentPostprocessing = 0;
		};
/* End PBXFrameworksBuildPhase section */

/* Begin PBXGroup section */
		55C6F0481CC3C83900780B19 = {
			isa = PBXGroup;
			children = (
				55C6F0531CC3C83900780B19 /* paging */,
				55C6F0521CC3C83900780B19 /* Products */,
			);
			sourceTree = "<group>";
		};
		55C6F0521CC3C83900780B19 /* Products */ = {
			isa = PBXGroup;
			children = (
				55C6F0511CC3C83900780B19 /* paging.app */,
			);
			name = Products;
			sourceTree = "<group>";
		};
		55C6F0531CC3C83900780B19 /* paging */ = {
			isa = PBXGroup;
			children = (
				55C6F0541CC3C83900780B19 /* AppDelegate.swift */,
				55C6F0561CC3C83900780B19 /* ViewController.swift */,
				55C6F0661CC3CA4700780B19 /* CollectionViewPagingFlowLayout.swift */,
				55C6F0581CC3C83900780B19 /* Main.storyboard */,
				55C6F05B1CC3C83900780B19 /* Assets.xcassets */,
				55C6F05D1CC3C83900780B19 /* LaunchScreen.storyboard */,
				55C6F0601CC3C83900780B19 /* Info.plist */,
			);
			path = paging;
			sourceTree = "<group>";
		};
/* End PBXGroup section */

/* Begin PBXNativeTarget section */
		55C6F0501CC3C83900780B19 /* paging */ = {
			isa = PBXNativeTarget;
			buildConfigurationList = 55C6F0631CC3C83900780B19 /* Build configuration list for PBXNativeTarget "paging" */;
			buildPhases = (
				55C6F04D1CC3C83900780B19 /* Sources */,
				55C6F04E1CC3C83900780B19 /* Frameworks */,
				55C6F04F1CC3C83900780B19 /* Resources */,
			);
			buildRules = (
			);
			dependencies = (
			);
			name = paging;
			productName = paging;
			productReference = 55C6F0511CC3C83900780B19 /* paging.app */;
			productType = "com.apple.product-type.application";
		};
/* End PBXNativeTarget section */

/* Begin PBXProject section */
		55C6F0491CC3C83900780B19 /* Project object */ = {
			isa = PBXProject;
			attributes = {
				LastSwiftUpdateCheck = 0730;
				LastUpgradeCheck = 0730;
				ORGANIZATIONNAME = cyhsu;
				TargetAttributes = {
					55C6F0501CC3C83900780B19 = {
						CreatedOnToolsVersion = 7.3;
					};
				};
			};
			buildConfigurationList = 55C6F04C1CC3C83900780B19 /* Build configuration list for PBXProject "paging" */;
			compatibilityVersion = "Xcode 3.2";
			developmentRegion = English;
			hasScannedForEncodings = 0;
			knownRegions = (
				en,
				Base,
			);
			mainGroup = 55C6F0481CC3C83900780B19;
			productRefGroup = 55C6F0521CC3C83900780B19 /* Products */;
			projectDirPath = "";
			projectRoot = "";
			targets = (
				55C6F0501CC3C83900780B19 /* paging */,
			);
		};
/* End PBXProject section */

/* Begin PBXResourcesBuildPhase section */
		55C6F04F1CC3C83900780B19 /* Resources */ = {
			isa = PBXResourcesBuildPhase;
			buildActionMask = 2147483647;
			files = (
				55C6F05F1CC3C83900780B19 /* LaunchScreen.storyboard in Resources */,
				55C6F05C1CC3C83900780B19 /* Assets.xcassets in Resources */,
				55C6F05A1CC3C83900780B19 /* Main.storyboard in Resources */,
			);
			runOnlyForDeploymentPostprocessing = 0;
		};
/* End PBXResourcesBuildPhase section */

/* Begin PBXSourcesBuildPhase section */
		55C6F04D1CC3C83900780B19 /* Sources */ = {
			isa = PBXSourcesBuildPhase;
			buildActionMask = 2147483647;
			files = (
				55C6F0571CC3C83900780B19 /* ViewController.swift in Sources */,
				55C6F0551CC3C83900780B19 /* AppDelegate.swift in Sources */,
				55C6F0671CC3CA4700780B19 /* CollectionViewPagingFlowLayout.swift in Sources */,
			);
			runOnlyForDeploymentPostprocessing = 0;
		};
/* End PBXSourcesBuildPhase section */

/* Begin PBXVariantGroup section */
		55C6F0581CC3C83900780B19 /* Main.storyboard */ = {
			isa = PBXVariantGroup;
			children = (
				55C6F0591CC3C83900780B19 /* Base */,
			);
			name = Main.storyboard;
			sourceTree = "<group>";
		};
		55C6F05D1CC3C83900780B19 /* LaunchScreen.storyboard */ = {
			isa = PBXVariantGroup;
			children = (
				55C6F05E1CC3C83900780B19 /* Base */,
			);
			name = LaunchScreen.storyboard;
			sourceTree = "<group>";
		};
/* End PBXVariantGroup section */

/* Begin XCBuildConfiguration section */
		55C6F0611CC3C83900780B19 /* Debug */ = {
			isa = XCBuildConfiguration;
			buildSettings = {
				ALWAYS_SEARCH_USER_PATHS = NO;
				CLANG_ANALYZER_NONNULL = YES;
				CLANG_CXX_LANGUAGE_STANDARD = "gnu++0x";
				CLANG_CXX_LIBRARY = "libc++";
				CLANG_ENABLE_MODULES = YES;
				CLANG_ENABLE_OBJC_ARC = YES;
				CLANG_WARN_BOOL_CONVERSION = YES;
				CLANG_WARN_CONSTANT_CONVERSION = YES;
				CLANG_WARN_DIRECT_OBJC_ISA_USAGE = YES_ERROR;
				CLANG_WARN_EMPTY_BODY = YES;
				CLANG_WARN_ENUM_CONVERSION = YES;
				CLANG_WARN_INT_CONVERSION = YES;
				CLANG_WARN_OBJC_ROOT_CLASS = YES_ERROR;
				CLANG_WARN_UNREACHABLE_CODE = YES;
				CLANG_WARN__DUPLICATE_METHOD_MATCH = YES;
				"CODE_SIGN_IDENTITY[sdk=iphoneos*]" = "iPhone Developer";
				COPY_PHASE_STRIP = NO;
				DEBUG_INFORMATION_FORMAT = dwarf;
				ENABLE_STRICT_OBJC_MSGSEND = YES;
				ENABLE_TESTABILITY = YES;
				GCC_C_LANGUAGE_STANDARD = gnu99;
				GCC_DYNAMIC_NO_PIC = NO;
				GCC_NO_COMMON_BLOCKS = YES;
				GCC_OPTIMIZATION_LEVEL = 0;
				GCC_PREPROCESSOR_DEFINITIONS = (
					"DEBUG=1",
					"$(inherited)",
				);
				GCC_WARN_64_TO_32_BIT_CONVERSION = YES;
				GCC_WARN_ABOUT_RETURN_TYPE = YES_ERROR;
				GCC_WARN_UNDECLARED_SELECTOR = YES;
				GCC_WARN_UNINITIALIZED_AUTOS = YES_AGGRESSIVE;
				GCC_WARN_UNUSED_FUNCTION = YES;
				GCC_WARN_UNUSED_VARIABLE = YES;
				IPHONEOS_DEPLOYMENT_TARGET = 9.3;
				MTL_ENABLE_DEBUG_INFO = YES;
				ONLY_ACTIVE_ARCH = YES;
				SDKROOT = iphoneos;
				SWIFT_OPTIMIZATION_LEVEL = "-Onone";
			};
			name = Debug;
		};
		55C6F0621CC3C83900780B19 /* Release */ = {
			isa = XCBuildConfiguration;
			buildSettings = {
				ALWAYS_SEARCH_USER_PATHS = NO;
				CLANG_ANALYZER_NONNULL = YES;
				CLANG_CXX_LANGUAGE_STANDARD = "gnu++0x";
				CLANG_CXX_LIBRARY = "libc++";
				CLANG_ENABLE_MODULES = YES;
				CLANG_ENABLE_OBJC_ARC = YES;
				CLANG_WARN_BOOL_CONVERSION = YES;
				CLANG_WARN_CONSTANT_CONVERSION = YES;
				CLANG_WARN_DIRECT_OBJC_ISA_USAGE = YES_ERROR;
				CLANG_WARN_EMPTY_BODY = YES;
				CLANG_WARN_ENUM_CONVERSION = YES;
				CLANG_WARN_INT_CONVERSION = YES;
				CLANG_WARN_OBJC_ROOT_CLASS = YES_ERROR;
				CLANG_WARN_UNREACHABLE_CODE = YES;
				CLANG_WARN__DUPLICATE_METHOD_MATCH = YES;
				"CODE_SIGN_IDENTITY[sdk=iphoneos*]" = "iPhone Developer";
				COPY_PHASE_STRIP = NO;
				DEBUG_INFORMATION_FORMAT = "dwarf-with-dsym";
				ENABLE_NS_ASSERTIONS = NO;
				ENABLE_STRICT_OBJC_MSGSEND = YES;
				GCC_C_LANGUAGE_STANDARD = gnu99;
				GCC_NO_COMMON_BLOCKS = YES;
				GCC_WARN_64_TO_32_BIT_CONVERSION = YES;
				GCC_WARN_ABOUT_RETURN_TYPE = YES_ERROR;
				GCC_WARN_UNDECLARED_SELECTOR = YES;
				GCC_WARN_UNINITIALIZED_AUTOS = YES_AGGRESSIVE;
				GCC_WARN_UNUSED_FUNCTION = YES;
				GCC_WARN_UNUSED_VARIABLE = YES;
				IPHONEOS_DEPLOYMENT_TARGET = 9.3;
				MTL_ENABLE_DEBUG_INFO = NO;
				SDKROOT = iphoneos;
				VALIDATE_PRODUCT = YES;
			};
			name = Release;
		};
		55C6F0641CC3C83900780B19 /* Debug */ = {
			isa = XCBuildConfiguration;
			buildSettings = {
				ASSETCATALOG_COMPILER_APPICON_NAME = AppIcon;
				CODE_SIGN_IDENTITY = "iPhone Developer";
				"CODE_SIGN_IDENTITY[sdk=iphoneos*]" = "iPhone Developer";
				INFOPLIST_FILE = paging/Info.plist;
				LD_RUNPATH_SEARCH_PATHS = "$(inherited) @executable_path/Frameworks";
				PRODUCT_BUNDLE_IDENTIFIER = me.cyhsu.paging;
				PRODUCT_NAME = "$(TARGET_NAME)";
				PROVISIONING_PROFILE = "";
			};
			name = Debug;
		};
		55C6F0651CC3C83900780B19 /* Release */ = {
			isa = XCBuildConfiguration;
			buildSettings = {
				ASSETCATALOG_COMPILER_APPICON_NAME = AppIcon;
				CODE_SIGN_IDENTITY = "iPhone Developer";
				"CODE_SIGN_IDENTITY[sdk=iphoneos*]" = "iPhone Developer";
				INFOPLIST_FILE = paging/Info.plist;
				LD_RUNPATH_SEARCH_PATHS = "$(inherited) @executable_path/Frameworks";
				PRODUCT_BUNDLE_IDENTIFIER = me.cyhsu.paging;
				PRODUCT_NAME = "$(TARGET_NAME)";
				PROVISIONING_PROFILE = "";
			};
			name = Release;
		};
/* End XCBuildConfiguration section */

/* Begin XCConfigurationList section */
		55C6F04C1CC3C83900780B19 /* Build configuration list for PBXProject "paging" */ = {
			isa = XCConfigurationList;
			buildConfigurations = (
				55C6F0611CC3C83900780B19 /* Debug */,
				55C6F0621CC3C83900780B19 /* Release */,
			);
			defaultConfigurationIsVisible = 0;
			defaultConfigurationName = Release;
		};
		55C6F0631CC3C83900780B19 /* Build configuration list for PBXNativeTarget "paging" */ = {
			isa = XCConfigurationList;
			buildConfigurations = (
				55C6F0641CC3C83900780B19 /* Debug */,
				55C6F0651CC3C83900780B19 /* Release */,
			);
			defaultConfigurationIsVisible = 0;
		};
/* End XCConfigurationList section */
	};
	rootObject = 55C6F0491CC3C83900780B19 /* Project object */;
}
